<?xml version="1.0" encoding="UTF-8" standalone="yes" ?>
<CodeBlocks_project_file>
	<FileVersion major="1" minor="6" />
	<Project>
		<Option title="BellePoule" />
		<Option pch_mode="2" />
		<Option compiler="gcc" />
		<Build>
			<Target title="Debug">
				<Option output="bin\Debug\BellePoule" prefix_auto="1" extension_auto="1" />
				<Option object_output="obj\Debug\" />
				<Option type="1" />
				<Option compiler="gcc" />
				<Compiler>
					<Add option="-Wunreachable-code" />
					<Add option="-g" />
					<Add option="-DDEBUG=1" />
					<Add directory="sources\soap\soap" />
					<Add directory="sources\soap\output" />
				</Compiler>
			</Target>
			<Target title="Release">
				<Option output="bin\Release\BellePoule" prefix_auto="1" extension_auto="1" />
				<Option object_output="obj\Release\" />
				<Option type="0" />
				<Option compiler="gcc" />
				<Compiler>
					<Add option="-O2" />
				</Compiler>
				<Linker>
					<Add option="-s" />
				</Linker>
			</Target>
			<Target title="Technicolor Debug">
				<Option output="bin\TechnicolorDebug\BellePoule" prefix_auto="1" extension_auto="1" />
				<Option object_output="obj\TechnicolorDebug\" />
				<Option type="1" />
				<Option compiler="gcc" />
				<Compiler>
					<Add option="-Wunreachable-code" />
					<Add option="-g" />
					<Add option="-DDEBUG=1" />
				</Compiler>
			</Target>
		</Build>
		<Compiler>
			<Add option="-Wshadow" />
			<Add option="-Winit-self" />
			<Add option="-Wcast-align" />
			<Add option="-Wswitch-enum" />
			<Add option="-Wswitch-default" />
			<Add option="-std=c++98" />
			<Add option="-Wextra" />
			<Add option="-Wall" />
			<Add option="-mms-bitfields -Wno-long-long -Wno-unused-parameter -Wno-shadow" />
			<Add option="-DWINDOWS_TEMPORARY_PATCH=1" />
			<Add option="-DWIN32" />
			<Add directory="C:\MinGW\include" />
			<Add directory="C:\MinGW\include\gtk-2.0" />
			<Add directory="C:\MinGW\include\cairo" />
			<Add directory="C:\MinGW\include\gdk" />
			<Add directory="C:\MinGW\include\glib-2.0" />
			<Add directory="C:\MinGW\lib\glib-2.0\include" />
			<Add directory="C:\MinGW\include\pango-1.0" />
			<Add directory="C:\MinGW\lib\gtk-2.0\include" />
			<Add directory="C:\MinGW\include\atk-1.0" />
			<Add directory="C:\MinGW\include\goocanvas-0.15\goocanvas" />
			<Add directory="sources\soap\output" />
			<Add directory="sources\soap\soap" />
			<Add directory="sources" />
		</Compiler>
		<Linker>
			<Add library="gtk-win32-2.0" />
			<Add library="gobject-2.0" />
			<Add library="glib-2.0" />
			<Add library="libgthread-2.0" />
			<Add library="glade-2.0" />
			<Add library="xml2" />
			<Add library="goocanvas" />
			<Add library="gdk-win32-2.0" />
			<Add library="atk-1.0" />
			<Add library="gio-2.0" />
			<Add library="gdk_pixbuf-2.0" />
			<Add library="pangowin32-1.0" />
			<Add library="gdi32" />
			<Add library="pangocairo-1.0" />
			<Add library="pango-1.0" />
			<Add library="cairo" />
			<Add library="gmodule-2.0" />
			<Add library="intl" />
			<Add library="curl" />
			<Add library="ws2_32" />
			<Add library="ssh2" />
			<Add library="libz" />
			<Add library="libzdll" />
			<Add library="libcurl" />
			<Add library="libcurldll" />
			<Add library="libeay32" />
			<Add library="libidn" />
			<Add library="libidn.dll" />
			<Add library="librtmp" />
			<Add library="libssh2" />
			<Add library="libssh2dll" />
			<Add library="libssl" />
			<Add library="libssl32" />
			<Add library="libcrypto" />
			<Add directory="C:\MinGW\lib" />
		</Linker>
		<Unit filename="sources\attendees.cpp" />
		<Unit filename="sources\attendees.hpp" />
		<Unit filename="sources\attribute.cpp" />
		<Unit filename="sources\attribute.hpp" />
		<Unit filename="sources\canvas.cpp" />
		<Unit filename="sources\canvas.hpp" />
		<Unit filename="sources\canvas_module.cpp" />
		<Unit filename="sources\canvas_module.hpp" />
		<Unit filename="sources\checkin.cpp" />
		<Unit filename="sources\checkin.hpp" />
		<Unit filename="sources\checkin_supervisor.cpp" />
		<Unit filename="sources\checkin_supervisor.hpp" />
		<Unit filename="sources\classification.cpp" />
		<Unit filename="sources\classification.hpp" />
		<Unit filename="sources\contest.cpp" />
		<Unit filename="sources\contest.hpp" />
		<Unit filename="sources\data.cpp" />
		<Unit filename="sources\data.hpp" />
		<Unit filename="sources\filter.cpp" />
		<Unit filename="sources\filter.hpp" />
		<Unit filename="sources\form.cpp" />
		<Unit filename="sources\form.hpp" />
		<Unit filename="sources\ga\GA1DArrayGenome.C">
			<Option compilerVar="CC" />
		</Unit>
		<Unit filename="sources\ga\GA1DArrayGenome.h" />
		<Unit filename="sources\ga\GA1DBinStrGenome.C">
			<Option compilerVar="CC" />
		</Unit>
		<Unit filename="sources\ga\GA1DBinStrGenome.h" />
		<Unit filename="sources\ga\GA2DArrayGenome.C">
			<Option compilerVar="CC" />
		</Unit>
		<Unit filename="sources\ga\GA2DArrayGenome.h" />
		<Unit filename="sources\ga\GA2DBinStrGenome.C">
			<Option compilerVar="CC" />
		</Unit>
		<Unit filename="sources\ga\GA2DBinStrGenome.h" />
		<Unit filename="sources\ga\GA3DArrayGenome.C">
			<Option compilerVar="CC" />
		</Unit>
		<Unit filename="sources\ga\GA3DArrayGenome.h" />
		<Unit filename="sources\ga\GA3DBinStrGenome.C">
			<Option compilerVar="CC" />
		</Unit>
		<Unit filename="sources\ga\GA3DBinStrGenome.h" />
		<Unit filename="sources\ga\GAAllele.C">
			<Option compilerVar="CC" />
		</Unit>
		<Unit filename="sources\ga\GAAllele.h" />
		<Unit filename="sources\ga\GAArray.h" />
		<Unit filename="sources\ga\GABaseGA.C">
			<Option compilerVar="CC" />
		</Unit>
		<Unit filename="sources\ga\GABaseGA.h" />
		<Unit filename="sources\ga\GABin2DecGenome.C">
			<Option compilerVar="CC" />
		</Unit>
		<Unit filename="sources\ga\GABin2DecGenome.h" />
		<Unit filename="sources\ga\GABinStr.C">
			<Option compilerVar="CC" />
		</Unit>
		<Unit filename="sources\ga\GABinStr.h" />
		<Unit filename="sources\ga\GADCrowdingGA.C">
			<Option compilerVar="CC" />
		</Unit>
		<Unit filename="sources\ga\GADCrowdingGA.h" />
		<Unit filename="sources\ga\GADemeGA.C">
			<Option compilerVar="CC" />
		</Unit>
		<Unit filename="sources\ga\GADemeGA.h" />
		<Unit filename="sources\ga\GAEvalData.h" />
		<Unit filename="sources\ga\GAGenome.C">
			<Option compilerVar="CC" />
		</Unit>
		<Unit filename="sources\ga\GAGenome.h" />
		<Unit filename="sources\ga\GAIncGA.C">
			<Option compilerVar="CC" />
		</Unit>
		<Unit filename="sources\ga\GAIncGA.h" />
		<Unit filename="sources\ga\GAList.C">
			<Option compilerVar="CC" />
		</Unit>
		<Unit filename="sources\ga\GAList.h" />
		<Unit filename="sources\ga\GAListBASE.C">
			<Option compilerVar="CC" />
		</Unit>
		<Unit filename="sources\ga\GAListBASE.h" />
		<Unit filename="sources\ga\GAListGenome.C">
			<Option compilerVar="CC" />
		</Unit>
		<Unit filename="sources\ga\GAListGenome.h" />
		<Unit filename="sources\ga\GAMask.h" />
		<Unit filename="sources\ga\GANode.h" />
		<Unit filename="sources\ga\GAParameter.C">
			<Option compilerVar="CC" />
		</Unit>
		<Unit filename="sources\ga\GAParameter.h" />
		<Unit filename="sources\ga\GAPopulation.C">
			<Option compilerVar="CC" />
		</Unit>
		<Unit filename="sources\ga\GAPopulation.h" />
		<Unit filename="sources\ga\GARealGenome.C">
			<Option compilerVar="CC" />
		</Unit>
		<Unit filename="sources\ga\GARealGenome.h" />
		<Unit filename="sources\ga\GASStateGA.C">
			<Option compilerVar="CC" />
		</Unit>
		<Unit filename="sources\ga\GASStateGA.h" />
		<Unit filename="sources\ga\GAScaling.C">
			<Option compilerVar="CC" />
		</Unit>
		<Unit filename="sources\ga\GAScaling.h" />
		<Unit filename="sources\ga\GASelector.C">
			<Option compilerVar="CC" />
		</Unit>
		<Unit filename="sources\ga\GASelector.h" />
		<Unit filename="sources\ga\GASimpleGA.C">
			<Option compilerVar="CC" />
		</Unit>
		<Unit filename="sources\ga\GASimpleGA.h" />
		<Unit filename="sources\ga\GAStatistics.C">
			<Option compilerVar="CC" />
		</Unit>
		<Unit filename="sources\ga\GAStatistics.h" />
		<Unit filename="sources\ga\GAStringGenome.C">
			<Option compilerVar="CC" />
		</Unit>
		<Unit filename="sources\ga\GAStringGenome.h" />
		<Unit filename="sources\ga\GATree.C">
			<Option compilerVar="CC" />
		</Unit>
		<Unit filename="sources\ga\GATree.h" />
		<Unit filename="sources\ga\GATreeBASE.C">
			<Option compilerVar="CC" />
		</Unit>
		<Unit filename="sources\ga\GATreeBASE.h" />
		<Unit filename="sources\ga\GATreeGenome.C">
			<Option compilerVar="CC" />
		</Unit>
		<Unit filename="sources\ga\GATreeGenome.h" />
		<Unit filename="sources\ga\ga.h" />
		<Unit filename="sources\ga\gabincvt.C">
			<Option compilerVar="CC" />
		</Unit>
		<Unit filename="sources\ga\gabincvt.h" />
		<Unit filename="sources\ga\gaconfig.h" />
		<Unit filename="sources\ga\gaerror.C">
			<Option compilerVar="CC" />
		</Unit>
		<Unit filename="sources\ga\gaerror.h" />
		<Unit filename="sources\ga\gaid.h" />
		<Unit filename="sources\ga\garandom.C">
			<Option compilerVar="CC" />
		</Unit>
		<Unit filename="sources\ga\garandom.h" />
		<Unit filename="sources\ga\gatypes.h" />
		<Unit filename="sources\ga\gaversion.h" />
		<Unit filename="sources\ga\std_stream.h" />
		<Unit filename="sources\general_classification.cpp" />
		<Unit filename="sources\general_classification.hpp" />
		<Unit filename="sources\genetic_swapper.cpp" />
		<Unit filename="sources\genetic_swapper.hpp" />
		<Unit filename="sources\glade.cpp" />
		<Unit filename="sources\glade.hpp" />
		<Unit filename="sources\green_swapper.cpp" />
		<Unit filename="sources\green_swapper.hpp" />
		<Unit filename="sources\main.cpp" />
		<Unit filename="sources\match.cpp" />
		<Unit filename="sources\match.hpp" />
		<Unit filename="sources\module.cpp" />
		<Unit filename="sources\module.hpp" />
		<Unit filename="sources\network.cpp" />
		<Unit filename="sources\network.hpp" />
		<Unit filename="sources\object.cpp" />
		<Unit filename="sources\object.hpp" />
		<Unit filename="sources\player.cpp" />
		<Unit filename="sources\player.hpp" />
		<Unit filename="sources\players_list.cpp" />
		<Unit filename="sources\players_list.hpp" />
		<Unit filename="sources\pool.cpp" />
		<Unit filename="sources\pool.hpp" />
		<Unit filename="sources\pool_allocator.cpp" />
		<Unit filename="sources\pool_allocator.hpp" />
		<Unit filename="sources\pool_match_order.cpp" />
		<Unit filename="sources\pool_match_order.hpp" />
		<Unit filename="sources\pool_supervisor.cpp" />
		<Unit filename="sources\pool_supervisor.hpp" />
		<Unit filename="sources\referee_sector.cpp" />
		<Unit filename="sources\referee_sector.hpp" />
		<Unit filename="sources\referees_list.cpp" />
		<Unit filename="sources\referees_list.hpp" />
		<Unit filename="sources\resource.rc">
			<Option compilerVar="WINDRES" />
		</Unit>
		<Unit filename="sources\schedule.cpp" />
		<Unit filename="sources\schedule.hpp" />
		<Unit filename="sources\score.cpp" />
		<Unit filename="sources\score.hpp" />
		<Unit filename="sources\score_collector.cpp" />
		<Unit filename="sources\score_collector.hpp" />
		<Unit filename="sources\sensitivity_trigger.cpp" />
		<Unit filename="sources\sensitivity_trigger.hpp" />
		<Unit filename="sources\soap\output\BellePoule.nsmap" />
		<Unit filename="sources\soap\output\soapBellePouleService.cpp" />
		<Unit filename="sources\soap\output\soapBellePouleService.h" />
		<Unit filename="sources\soap\output\soapC.cpp" />
		<Unit filename="sources\soap\output\soapH.h" />
		<Unit filename="sources\soap\output\soapScoringSystemProxy.cpp" />
		<Unit filename="sources\soap\output\soapScoringSystemProxy.h" />
		<Unit filename="sources\soap\soap\stdsoap2.cpp" />
		<Unit filename="sources\soap\soap\stdsoap2.h" />
		<Unit filename="sources\splitting.cpp" />
		<Unit filename="sources\splitting.hpp" />
		<Unit filename="sources\stage.cpp" />
		<Unit filename="sources\stage.hpp" />
		<Unit filename="sources\swapper.hpp" />
		<Unit filename="sources\table.cpp" />
		<Unit filename="sources\table.hpp" />
		<Unit filename="sources\table_set.cpp" />
		<Unit filename="sources\table_set.hpp" />
		<Unit filename="sources\table_supervisor.cpp" />
		<Unit filename="sources\table_supervisor.hpp" />
		<Unit filename="sources\tournament.cpp" />
		<Unit filename="sources\tournament.hpp" />
		<Unit filename="sources\update_checker.cpp" />
		<Unit filename="sources\update_checker.hpp" />
		<Unit filename="sources\upload.cpp" />
		<Unit filename="sources\upload.hpp" />
		<Unit filename="sources\version.h" />
		<Extensions>
			<code_completion />
			<debugger />
		</Extensions>
	</Project>
</CodeBlocks_project_file>
