<?xml version="1.0" encoding="UTF-8" standalone="yes" ?>
<CodeBlocks_project_file>
	<FileVersion major="1" minor="6" />
	<Project>
		<Option title="LivePoule" />
		<Option pch_mode="2" />
		<Option compiler="gcc" />
		<Build>
			<Target title="Debug">
        <Option output="Debug/LivePoule" prefix_auto="1" extension_auto="1" />
				<Option object_output="Debug/" />
				<Option type="1" />
				<Option compiler="gcc" />
				<Compiler>
					<Add option="-g" />
					<Add option="-DDEBUG=1" />
				</Compiler>
			</Target>
		</Build>
		<Compiler>
			<Add option="-Winit-self" />
			<Add option="-Wredundant-decls" />
			<Add option="-Wcast-align" />
			<Add option="-Wundef" />
			<Add option="-Wunreachable-code" />
			<Add option="-Wmissing-include-dirs" />
			<Add option="-Wswitch-enum" />
			<Add option="-Wswitch-default" />
			<Add option="-std=c++98" />
			<Add option="-Wextra" />
			<Add option="-Wall" />
			<Add option="-Wno-int-to-pointer-cast" />
			<Add option="-Wno-long-long" />
			<Add option="-Wno-unused-parameter" />
			<Add option="-Wno-shadow" />
			<Add option="-Wno-vla" />
			<Add option="-Wno-variadic-macros" />
			<Add option="-pthread -D_REENTRANT" />
			<Add option="-DGTK_DISABLE_SINGLE_INCLUDES" />
			<Add option="-DGDK_DISABLE_DEPRECATED" />
			<Add option="-DGSEAL_ENABLE" />
      <Add directory="../../sources/common" />
      <Add directory="../../sources/LivePoule" />
			<Add directory="/usr/include/gtk-3.0" />
			<Add directory="/usr/include" />
			<Add directory="/usr/include/atk-1.0" />
			<Add directory="/usr/include/cairo" />
			<Add directory="/usr/include/gdk-pixbuf-2.0" />
			<Add directory="/usr/include/pango-1.0" />
			<Add directory="/usr/include/gio-unix-2.0" />
			<Add directory="/usr/include/glib-2.0" />
			<Add directory="/usr/lib/x86_64-linux-gnu/glib-2.0/include" />
			<Add directory="/usr/include/pixman-1" />
			<Add directory="/usr/include/freetype2" />
			<Add directory="/usr/include/libpng12" />
			<Add directory="/usr/include/libxml2" />
			<Add directory="/usr/include/goocanvas-2.0" />
		</Compiler>
		<Linker>
			<Add option="-Wl,--export-dynamic" />
			<Add library="pthread" />
			<Add library="xml2" />
			<Add library="goocanvas-2.0" />
			<Add library="gtk-3" />
			<Add library="gdk-3" />
			<Add library="atk-1.0" />
			<Add library="gio-2.0" />
			<Add library="pangoft2-1.0" />
			<Add library="gdk_pixbuf-2.0" />
			<Add library="m" />
			<Add library="pangocairo-1.0" />
			<Add library="cairo" />
			<Add library="pango-1.0" />
			<Add library="freetype" />
			<Add library="fontconfig" />
			<Add library="gobject-2.0" />
			<Add library="gmodule-2.0" />
			<Add library="gthread-2.0" />
			<Add library="rt" />
			<Add library="glib-2.0" />
			<Add library="curl" />
			<Add library="microhttpd" />
			<Add library="qrencode" />
			<Add library="crypto" />
		</Linker>
    <Unit filename="../../sources/LivePoule/main.cpp" />
    <Unit filename="../../sources/LivePoule/gpio.cpp" />
    <Unit filename="../../sources/LivePoule/gpio.hpp" />
    <Unit filename="../../sources/LivePoule/light.cpp" />
    <Unit filename="../../sources/LivePoule/light.hpp" />
    <Unit filename="../../sources/LivePoule/scoring_machine.cpp" />
    <Unit filename="../../sources/LivePoule/scoring_machine.hpp" />
    <Unit filename="../../sources/LivePoule/sg_machine.cpp" />
    <Unit filename="../../sources/LivePoule/sg_machine.hpp" />
    <Unit filename="../../sources/LivePoule/screen.cpp" />
    <Unit filename="../../sources/LivePoule/screen.hpp" />
    <Unit filename="../../sources/LivePoule/timer.cpp" />
    <Unit filename="../../sources/LivePoule/timer.hpp" />
    <Unit filename="../../sources/common/util/attribute.cpp" />
    <Unit filename="../../sources/common/util/attribute.hpp" />
    <Unit filename="../../sources/common/util/attribute_desc.cpp" />
    <Unit filename="../../sources/common/util/attribute_desc.hpp" />
    <Unit filename="../../sources/common/util/dnd_config.cpp" />
    <Unit filename="../../sources/common/util/dnd_config.hpp" />
    <Unit filename="../../sources/common/util/filter.cpp" />
    <Unit filename="../../sources/common/util/filter.hpp" />
    <Unit filename="../../sources/common/util/flash_code.cpp" />
    <Unit filename="../../sources/common/util/flash_code.hpp" />
    <Unit filename="../../sources/common/util/glade.cpp" />
    <Unit filename="../../sources/common/util/glade.hpp" />
    <Unit filename="../../sources/common/util/module.cpp" />
    <Unit filename="../../sources/common/util/module.hpp" />
    <Unit filename="../../sources/common/util/object.cpp" />
    <Unit filename="../../sources/common/util/object.hpp" />
    <Unit filename="../../sources/common/util/player.cpp" />
    <Unit filename="../../sources/common/util/player.hpp" />
    <Unit filename="../../sources/common/util/sensitivity_trigger.cpp" />
    <Unit filename="../../sources/common/util/sensitivity_trigger.hpp" />
    <Unit filename="../../sources/common/util/wifi_code.cpp" />
    <Unit filename="../../sources/common/util/wifi_code.hpp" />
    <Unit filename="../../sources/common/network/cryptor.cpp" />
    <Unit filename="../../sources/common/network/cryptor.hpp" />
    <Unit filename="../../sources/common/network/http_server.cpp" />
    <Unit filename="../../sources/common/network/http_server.hpp" />
    <Unit filename="../../sources/common/network/uploader.cpp" />
    <Unit filename="../../sources/common/network/uploader.hpp" />
    <Unit filename="../../sources/common/network/wifi_network.cpp" />
    <Unit filename="../../sources/common/network/wifi_network.hpp" />
		<Extensions>
			<code_completion />
			<debugger />
		</Extensions>
	</Project>
</CodeBlocks_project_file>
